
Microsoft Visual Studio Solution File, Format Version 12.00
# Visual Studio Version 17
VisualStudioVersion = 17.3.32825.248
MinimumVisualStudioVersion = 10.0.40219.1
Project("{2150E333-8FDC-42A3-9474-1A3956D46DE8}") = "1 - Service", "1 - Service", "{1F2DCD5C-D7BC-400B-A699-432DDF2E47FC}"
EndProject
Project("{2150E333-8FDC-42A3-9474-1A3956D46DE8}") = "2 - Application", "2 - Application", "{F635F751-5320-4A90-A812-7EC7A001A56D}"
EndProject
Project("{2150E333-8FDC-42A3-9474-1A3956D46DE8}") = "3 - Domain", "3 - Domain", "{C8247D6D-E86D-4636-AAA1-B63835AC0F6C}"
EndProject
Project("{2150E333-8FDC-42A3-9474-1A3956D46DE8}") = "4 - Infra", "4 - Infra", "{569DB779-0A49-4DBD-A1A0-85328DF4FAC6}"
EndProject
Project("{9A19103F-16F7-4668-BE54-9A1E7A4F7556}") = "GymEvo.WebApi", "GymEvo.WebApi\GymEvo.WebApi.csproj", "{0AD40684-019C-4F1B-8575-A180710EA995}"
	ProjectSection(ProjectDependencies) = postProject
		{98B1AC2C-1ED8-4FCF-8416-011D04842DE5} = {98B1AC2C-1ED8-4FCF-8416-011D04842DE5}
		{D8D67E4F-833E-4F94-9AB1-33236674B550} = {D8D67E4F-833E-4F94-9AB1-33236674B550}
	EndProjectSection
EndProject
Project("{9A19103F-16F7-4668-BE54-9A1E7A4F7556}") = "GymEvo.Application", "GymEvo.Application\GymEvo.Application.csproj", "{D89CF632-3E1A-4349-97F6-99DBE7A15025}"
	ProjectSection(ProjectDependencies) = postProject
		{1A6A48E7-01B8-44CE-9DC3-F2D6C16FA32E} = {1A6A48E7-01B8-44CE-9DC3-F2D6C16FA32E}
	EndProjectSection
EndProject
Project("{9A19103F-16F7-4668-BE54-9A1E7A4F7556}") = "GymEvo.Domain", "GymEvo.Domain\GymEvo.Domain.csproj", "{1A6A48E7-01B8-44CE-9DC3-F2D6C16FA32E}"
EndProject
Project("{9A19103F-16F7-4668-BE54-9A1E7A4F7556}") = "GymEvo.Domain.Core", "GymEvo.Domain.Core\GymEvo.Domain.Core.csproj", "{5A3BF6A3-2F4A-400C-8D26-4EC73B051739}"
EndProject
Project("{9A19103F-16F7-4668-BE54-9A1E7A4F7556}") = "GymEvo.Domain.Services", "GymEvo.Domain.Services\GymEvo.Domain.Services.csproj", "{8FE844F5-B5D2-4008-93BD-DB8836358D2A}"
EndProject
Project("{FAE04EC0-301F-11D3-BF4B-00C04F79EFBC}") = "GymEvo.Infra.Repositories", "GymEvo.Infra.Repositories\GymEvo.Infra.Repositories.csproj", "{D8D67E4F-833E-4F94-9AB1-33236674B550}"
EndProject
Project("{FAE04EC0-301F-11D3-BF4B-00C04F79EFBC}") = "GymEvo.Infra.SqlServer", "GymEvo.Infra.SqlServer\GymEvo.Infra.SqlServer.csproj", "{EF2323F4-4906-4BAE-83A1-3787D289EE95}"
EndProject
Project("{FAE04EC0-301F-11D3-BF4B-00C04F79EFBC}") = "GymEvo.Domain.Mapper", "GymEvo.Domain.Mapper\GymEvo.Domain.Mapper.csproj", "{98B1AC2C-1ED8-4FCF-8416-011D04842DE5}"
EndProject
Project("{FAE04EC0-301F-11D3-BF4B-00C04F79EFBC}") = "GymEvo.Application.DTOs", "GymEvo.Application.Dtos\GymEvo.Application.DTOs.csproj", "{A7F905BB-0A90-4DCB-8D33-D57247AAA12C}"
EndProject
Global
	GlobalSection(SolutionConfigurationPlatforms) = preSolution
		Debug|Any CPU = Debug|Any CPU
		Release|Any CPU = Release|Any CPU
	EndGlobalSection
	GlobalSection(ProjectConfigurationPlatforms) = postSolution
		{0AD40684-019C-4F1B-8575-A180710EA995}.Debug|Any CPU.ActiveCfg = Debug|Any CPU
		{0AD40684-019C-4F1B-8575-A180710EA995}.Debug|Any CPU.Build.0 = Debug|Any CPU
		{0AD40684-019C-4F1B-8575-A180710EA995}.Release|Any CPU.ActiveCfg = Release|Any CPU
		{0AD40684-019C-4F1B-8575-A180710EA995}.Release|Any CPU.Build.0 = Release|Any CPU
		{D89CF632-3E1A-4349-97F6-99DBE7A15025}.Debug|Any CPU.ActiveCfg = Debug|Any CPU
		{D89CF632-3E1A-4349-97F6-99DBE7A15025}.Debug|Any CPU.Build.0 = Debug|Any CPU
		{D89CF632-3E1A-4349-97F6-99DBE7A15025}.Release|Any CPU.ActiveCfg = Release|Any CPU
		{D89CF632-3E1A-4349-97F6-99DBE7A15025}.Release|Any CPU.Build.0 = Release|Any CPU
		{1A6A48E7-01B8-44CE-9DC3-F2D6C16FA32E}.Debug|Any CPU.ActiveCfg = Debug|Any CPU
		{1A6A48E7-01B8-44CE-9DC3-F2D6C16FA32E}.Debug|Any CPU.Build.0 = Debug|Any CPU
		{1A6A48E7-01B8-44CE-9DC3-F2D6C16FA32E}.Release|Any CPU.ActiveCfg = Release|Any CPU
		{1A6A48E7-01B8-44CE-9DC3-F2D6C16FA32E}.Release|Any CPU.Build.0 = Release|Any CPU
		{5A3BF6A3-2F4A-400C-8D26-4EC73B051739}.Debug|Any CPU.ActiveCfg = Debug|Any CPU
		{5A3BF6A3-2F4A-400C-8D26-4EC73B051739}.Debug|Any CPU.Build.0 = Debug|Any CPU
		{5A3BF6A3-2F4A-400C-8D26-4EC73B051739}.Release|Any CPU.ActiveCfg = Release|Any CPU
		{5A3BF6A3-2F4A-400C-8D26-4EC73B051739}.Release|Any CPU.Build.0 = Release|Any CPU
		{8FE844F5-B5D2-4008-93BD-DB8836358D2A}.Debug|Any CPU.ActiveCfg = Debug|Any CPU
		{8FE844F5-B5D2-4008-93BD-DB8836358D2A}.Debug|Any CPU.Build.0 = Debug|Any CPU
		{8FE844F5-B5D2-4008-93BD-DB8836358D2A}.Release|Any CPU.ActiveCfg = Release|Any CPU
		{8FE844F5-B5D2-4008-93BD-DB8836358D2A}.Release|Any CPU.Build.0 = Release|Any CPU
		{D8D67E4F-833E-4F94-9AB1-33236674B550}.Debug|Any CPU.ActiveCfg = Debug|Any CPU
		{D8D67E4F-833E-4F94-9AB1-33236674B550}.Debug|Any CPU.Build.0 = Debug|Any CPU
		{D8D67E4F-833E-4F94-9AB1-33236674B550}.Release|Any CPU.ActiveCfg = Release|Any CPU
		{D8D67E4F-833E-4F94-9AB1-33236674B550}.Release|Any CPU.Build.0 = Release|Any CPU
		{EF2323F4-4906-4BAE-83A1-3787D289EE95}.Debug|Any CPU.ActiveCfg = Debug|Any CPU
		{EF2323F4-4906-4BAE-83A1-3787D289EE95}.Debug|Any CPU.Build.0 = Debug|Any CPU
		{EF2323F4-4906-4BAE-83A1-3787D289EE95}.Release|Any CPU.ActiveCfg = Release|Any CPU
		{EF2323F4-4906-4BAE-83A1-3787D289EE95}.Release|Any CPU.Build.0 = Release|Any CPU
		{98B1AC2C-1ED8-4FCF-8416-011D04842DE5}.Debug|Any CPU.ActiveCfg = Debug|Any CPU
		{98B1AC2C-1ED8-4FCF-8416-011D04842DE5}.Debug|Any CPU.Build.0 = Debug|Any CPU
		{98B1AC2C-1ED8-4FCF-8416-011D04842DE5}.Release|Any CPU.ActiveCfg = Release|Any CPU
		{98B1AC2C-1ED8-4FCF-8416-011D04842DE5}.Release|Any CPU.Build.0 = Release|Any CPU
		{A7F905BB-0A90-4DCB-8D33-D57247AAA12C}.Debug|Any CPU.ActiveCfg = Debug|Any CPU
		{A7F905BB-0A90-4DCB-8D33-D57247AAA12C}.Debug|Any CPU.Build.0 = Debug|Any CPU
		{A7F905BB-0A90-4DCB-8D33-D57247AAA12C}.Release|Any CPU.ActiveCfg = Release|Any CPU
		{A7F905BB-0A90-4DCB-8D33-D57247AAA12C}.Release|Any CPU.Build.0 = Release|Any CPU
	EndGlobalSection
	GlobalSection(SolutionProperties) = preSolution
		HideSolutionNode = FALSE
	EndGlobalSection
	GlobalSection(NestedProjects) = preSolution
		{0AD40684-019C-4F1B-8575-A180710EA995} = {1F2DCD5C-D7BC-400B-A699-432DDF2E47FC}
		{D89CF632-3E1A-4349-97F6-99DBE7A15025} = {F635F751-5320-4A90-A812-7EC7A001A56D}
		{1A6A48E7-01B8-44CE-9DC3-F2D6C16FA32E} = {C8247D6D-E86D-4636-AAA1-B63835AC0F6C}
		{5A3BF6A3-2F4A-400C-8D26-4EC73B051739} = {C8247D6D-E86D-4636-AAA1-B63835AC0F6C}
		{8FE844F5-B5D2-4008-93BD-DB8836358D2A} = {C8247D6D-E86D-4636-AAA1-B63835AC0F6C}
		{D8D67E4F-833E-4F94-9AB1-33236674B550} = {569DB779-0A49-4DBD-A1A0-85328DF4FAC6}
		{EF2323F4-4906-4BAE-83A1-3787D289EE95} = {569DB779-0A49-4DBD-A1A0-85328DF4FAC6}
		{98B1AC2C-1ED8-4FCF-8416-011D04842DE5} = {C8247D6D-E86D-4636-AAA1-B63835AC0F6C}
		{A7F905BB-0A90-4DCB-8D33-D57247AAA12C} = {F635F751-5320-4A90-A812-7EC7A001A56D}
	EndGlobalSection
	GlobalSection(ExtensibilityGlobals) = postSolution
		SolutionGuid = {C1B65A68-EC6E-4A79-B4F8-15A23D24BC59}
	EndGlobalSection
EndGlobal
